
Microsoft Visual Studio Solution File, Format Version 12.00
# Visual Studio Version 17
VisualStudioVersion = 17.13.35919.96 d17.13
MinimumVisualStudioVersion = 10.0.40219.1
Project("{FAE04EC0-301F-11D3-BF4B-00C04F79EFBC}") = "Tasknator", "Tasknator.csproj", "{EFE78966-2046-40D5-883B-52F8A249B2D9}"
EndProject
Global
	GlobalSection(SolutionConfigurationPlatforms) = preSolution
		Debug|Any CPU = Debug|Any CPU
		Release|Any CPU = Release|Any CPU
	EndGlobalSection
	GlobalSection(ProjectConfigurationPlatforms) = postSolution
		{EFE78966-2046-40D5-883B-52F8A249B2D9}.Debug|Any CPU.ActiveCfg = Debug|Any CPU
		{EFE78966-2046-40D5-883B-52F8A249B2D9}.Debug|Any CPU.Build.0 = Debug|Any CPU
		{EFE78966-2046-40D5-883B-52F8A249B2D9}.Release|Any CPU.ActiveCfg = Release|Any CPU
		{EFE78966-2046-40D5-883B-52F8A249B2D9}.Release|Any CPU.Build.0 = Release|Any CPU
	EndGlobalSection
	GlobalSection(SolutionProperties) = preSolution
		HideSolutionNode = FALSE
	EndGlobalSection
	GlobalSection(ExtensibilityGlobals) = postSolution
		SolutionGuid = {9C1A75CE-7937-4652-9240-67BCA6587BE5}
	EndGlobalSection
EndGlobal
